
Microsoft Visual Studio Solution File, Format Version 12.00
# Visual Studio Version 17
VisualStudioVersion = 17.11.35208.52
MinimumVisualStudioVersion = 10.0.40219.1
Project("{9A19103F-16F7-4668-BE54-9A1E7A4F7556}") = "Based.Patch", "patches\Based.Patch.csproj", "{4E4F50D9-4B1D-4D32-B43C-65DB59E041EB}"
EndProject
Project("{9A19103F-16F7-4668-BE54-9A1E7A4F7556}") = "Based.Sideload", "sideload\Based.Sideload.csproj", "{C3766A53-E0E1-4328-82CF-BF56F589C0D5}"
EndProject
Global
	GlobalSection(SolutionConfigurationPlatforms) = preSolution
		Debug|Any CPU = Debug|Any CPU
		DebugOpt|Any CPU = DebugOpt|Any CPU
		Release|Any CPU = Release|Any CPU
		Tools|Any CPU = Tools|Any CPU
	EndGlobalSection
	GlobalSection(ProjectConfigurationPlatforms) = postSolution
		{4E4F50D9-4B1D-4D32-B43C-65DB59E041EB}.Debug|Any CPU.ActiveCfg = Debug|Any CPU
		{4E4F50D9-4B1D-4D32-B43C-65DB59E041EB}.Debug|Any CPU.Build.0 = Debug|Any CPU
		{4E4F50D9-4B1D-4D32-B43C-65DB59E041EB}.DebugOpt|Any CPU.ActiveCfg = Debug|Any CPU
		{4E4F50D9-4B1D-4D32-B43C-65DB59E041EB}.DebugOpt|Any CPU.Build.0 = Debug|Any CPU
		{4E4F50D9-4B1D-4D32-B43C-65DB59E041EB}.Release|Any CPU.ActiveCfg = Release|Any CPU
		{4E4F50D9-4B1D-4D32-B43C-65DB59E041EB}.Release|Any CPU.Build.0 = Release|Any CPU
		{4E4F50D9-4B1D-4D32-B43C-65DB59E041EB}.Tools|Any CPU.ActiveCfg = Release|Any CPU
		{4E4F50D9-4B1D-4D32-B43C-65DB59E041EB}.Tools|Any CPU.Build.0 = Release|Any CPU
		{C3766A53-E0E1-4328-82CF-BF56F589C0D5}.Debug|Any CPU.ActiveCfg = Debug|Any CPU
		{C3766A53-E0E1-4328-82CF-BF56F589C0D5}.Debug|Any CPU.Build.0 = Debug|Any CPU
		{C3766A53-E0E1-4328-82CF-BF56F589C0D5}.DebugOpt|Any CPU.ActiveCfg = DebugOpt|Any CPU
		{C3766A53-E0E1-4328-82CF-BF56F589C0D5}.DebugOpt|Any CPU.Build.0 = DebugOpt|Any CPU
		{C3766A53-E0E1-4328-82CF-BF56F589C0D5}.Release|Any CPU.ActiveCfg = Release|Any CPU
		{C3766A53-E0E1-4328-82CF-BF56F589C0D5}.Release|Any CPU.Build.0 = Release|Any CPU
		{C3766A53-E0E1-4328-82CF-BF56F589C0D5}.Tools|Any CPU.ActiveCfg = Tools|Any CPU
		{C3766A53-E0E1-4328-82CF-BF56F589C0D5}.Tools|Any CPU.Build.0 = Tools|Any CPU
	EndGlobalSection
	GlobalSection(SolutionProperties) = preSolution
		HideSolutionNode = FALSE
	EndGlobalSection
	GlobalSection(ExtensibilityGlobals) = postSolution
		SolutionGuid = {35E466C8-F00E-4D4B-801F-489B5EF4CFC1}
	EndGlobalSection
EndGlobal
